
Microsoft Visual Studio Solution File, Format Version 10.00
# Visual Studio 2008
Project("{FAE04EC0-301F-11D3-BF4B-00C04F79EFBC}") = "StockApplication", "StockApplication\StockApplication.csproj", "{FFBE0873-B0E2-43D2-89B1-A27179FE5054}"
EndProject
Project("{FAE04EC0-301F-11D3-BF4B-00C04F79EFBC}") = "StockServer", "StockServer\StockServer.csproj", "{5CB63ED1-5B3B-4EDA-8148-6838329EF152}"
EndProject
Project("{FAE04EC0-301F-11D3-BF4B-00C04F79EFBC}") = "StockCommonLib", "StockCommonLib\StockCommonLib.csproj", "{050CB1CF-3528-4D61-A9F8-5359A9B72BF3}"
EndProject
Project("{2150E333-8FDC-42A3-9474-1A3956D46DE8}") = "Dependencies", "Dependencies", "{439FC8B6-B48E-437D-A5A1-919C39B85C2B}"
	ProjectSection(SolutionItems) = preProject
		Dependencies\log4net.dll = Dependencies\log4net.dll
		Dependencies\MDSCommonLib.dll = Dependencies\MDSCommonLib.dll
	EndProjectSection
EndProject
Global
	GlobalSection(SolutionConfigurationPlatforms) = preSolution
		Debug|Any CPU = Debug|Any CPU
		Release|Any CPU = Release|Any CPU
	EndGlobalSection
	GlobalSection(ProjectConfigurationPlatforms) = postSolution
		{FFBE0873-B0E2-43D2-89B1-A27179FE5054}.Debug|Any CPU.ActiveCfg = Debug|Any CPU
		{FFBE0873-B0E2-43D2-89B1-A27179FE5054}.Debug|Any CPU.Build.0 = Debug|Any CPU
		{FFBE0873-B0E2-43D2-89B1-A27179FE5054}.Release|Any CPU.ActiveCfg = Release|Any CPU
		{FFBE0873-B0E2-43D2-89B1-A27179FE5054}.Release|Any CPU.Build.0 = Release|Any CPU
		{5CB63ED1-5B3B-4EDA-8148-6838329EF152}.Debug|Any CPU.ActiveCfg = Debug|Any CPU
		{5CB63ED1-5B3B-4EDA-8148-6838329EF152}.Debug|Any CPU.Build.0 = Debug|Any CPU
		{5CB63ED1-5B3B-4EDA-8148-6838329EF152}.Release|Any CPU.ActiveCfg = Release|Any CPU
		{5CB63ED1-5B3B-4EDA-8148-6838329EF152}.Release|Any CPU.Build.0 = Release|Any CPU
		{050CB1CF-3528-4D61-A9F8-5359A9B72BF3}.Debug|Any CPU.ActiveCfg = Debug|Any CPU
		{050CB1CF-3528-4D61-A9F8-5359A9B72BF3}.Debug|Any CPU.Build.0 = Debug|Any CPU
		{050CB1CF-3528-4D61-A9F8-5359A9B72BF3}.Release|Any CPU.ActiveCfg = Release|Any CPU
		{050CB1CF-3528-4D61-A9F8-5359A9B72BF3}.Release|Any CPU.Build.0 = Release|Any CPU
	EndGlobalSection
	GlobalSection(SolutionProperties) = preSolution
		HideSolutionNode = FALSE
	EndGlobalSection
EndGlobal
