
Microsoft Visual Studio Solution File, Format Version 10.00
# Visual Studio 2008
Project("{FAE04EC0-301F-11D3-BF4B-00C04F79EFBC}") = "Application1", "Application1\Application1.csproj", "{24D2C6F3-8A26-482A-8B83-DC3A41EFBF85}"
EndProject
Project("{FAE04EC0-301F-11D3-BF4B-00C04F79EFBC}") = "Application2", "Application2\Application2.csproj", "{8B275DC8-BF48-4698-A16F-CC1971445D82}"
EndProject
Project("{2150E333-8FDC-42A3-9474-1A3956D46DE8}") = "Dependencies", "Dependencies", "{0BBF4910-3B92-4CE8-B910-484EADD3C436}"
	ProjectSection(SolutionItems) = preProject
		Dependencies\log4net.dll = Dependencies\log4net.dll
		Dependencies\MDSCommonLib.dll = Dependencies\MDSCommonLib.dll
	EndProjectSection
EndProject
Global
	GlobalSection(SolutionConfigurationPlatforms) = preSolution
		Debug|Any CPU = Debug|Any CPU
		Release|Any CPU = Release|Any CPU
	EndGlobalSection
	GlobalSection(ProjectConfigurationPlatforms) = postSolution
		{24D2C6F3-8A26-482A-8B83-DC3A41EFBF85}.Debug|Any CPU.ActiveCfg = Debug|Any CPU
		{24D2C6F3-8A26-482A-8B83-DC3A41EFBF85}.Debug|Any CPU.Build.0 = Debug|Any CPU
		{24D2C6F3-8A26-482A-8B83-DC3A41EFBF85}.Release|Any CPU.ActiveCfg = Release|Any CPU
		{24D2C6F3-8A26-482A-8B83-DC3A41EFBF85}.Release|Any CPU.Build.0 = Release|Any CPU
		{8B275DC8-BF48-4698-A16F-CC1971445D82}.Debug|Any CPU.ActiveCfg = Debug|Any CPU
		{8B275DC8-BF48-4698-A16F-CC1971445D82}.Debug|Any CPU.Build.0 = Debug|Any CPU
		{8B275DC8-BF48-4698-A16F-CC1971445D82}.Release|Any CPU.ActiveCfg = Release|Any CPU
		{8B275DC8-BF48-4698-A16F-CC1971445D82}.Release|Any CPU.Build.0 = Release|Any CPU
	EndGlobalSection
	GlobalSection(SolutionProperties) = preSolution
		HideSolutionNode = FALSE
	EndGlobalSection
EndGlobal
